
Microsoft Visual Studio Solution File, Format Version 12.00
# Visual Studio Version 17
VisualStudioVersion = 17.14.36518.9
MinimumVisualStudioVersion = 10.0.40219.1
Project("{FAE04EC0-301F-11D3-BF4B-00C04F79EFBC}") = "Banking.Web", "Banking.Web\Banking.Web.csproj", "{79DCABCF-888E-4F12-8749-0A6C249E2FEF}"
EndProject
Project("{FAE04EC0-301F-11D3-BF4B-00C04F79EFBC}") = "BankingAppDomain", "BankingAppDomain\BankingAppDomain.csproj", "{169E654B-85F1-466D-A4B5-97664BB632EA}"
EndProject
Project("{FAE04EC0-301F-11D3-BF4B-00C04F79EFBC}") = "BankingAppDataAccess", "BankingAppDataAccess\BankingAppDataAccess.csproj", "{64C023FE-1B74-49B9-9483-9577DB63BEA8}"
EndProject
Global
	GlobalSection(SolutionConfigurationPlatforms) = preSolution
		Debug|Any CPU = Debug|Any CPU
		Release|Any CPU = Release|Any CPU
	EndGlobalSection
	GlobalSection(ProjectConfigurationPlatforms) = postSolution
		{79DCABCF-888E-4F12-8749-0A6C249E2FEF}.Debug|Any CPU.ActiveCfg = Debug|Any CPU
		{79DCABCF-888E-4F12-8749-0A6C249E2FEF}.Debug|Any CPU.Build.0 = Debug|Any CPU
		{79DCABCF-888E-4F12-8749-0A6C249E2FEF}.Release|Any CPU.ActiveCfg = Release|Any CPU
		{79DCABCF-888E-4F12-8749-0A6C249E2FEF}.Release|Any CPU.Build.0 = Release|Any CPU
		{169E654B-85F1-466D-A4B5-97664BB632EA}.Debug|Any CPU.ActiveCfg = Debug|Any CPU
		{169E654B-85F1-466D-A4B5-97664BB632EA}.Debug|Any CPU.Build.0 = Debug|Any CPU
		{169E654B-85F1-466D-A4B5-97664BB632EA}.Release|Any CPU.ActiveCfg = Release|Any CPU
		{169E654B-85F1-466D-A4B5-97664BB632EA}.Release|Any CPU.Build.0 = Release|Any CPU
		{64C023FE-1B74-49B9-9483-9577DB63BEA8}.Debug|Any CPU.ActiveCfg = Debug|Any CPU
		{64C023FE-1B74-49B9-9483-9577DB63BEA8}.Debug|Any CPU.Build.0 = Debug|Any CPU
		{64C023FE-1B74-49B9-9483-9577DB63BEA8}.Release|Any CPU.ActiveCfg = Release|Any CPU
		{64C023FE-1B74-49B9-9483-9577DB63BEA8}.Release|Any CPU.Build.0 = Release|Any CPU
	EndGlobalSection
	GlobalSection(SolutionProperties) = preSolution
		HideSolutionNode = FALSE
	EndGlobalSection
	GlobalSection(ExtensibilityGlobals) = postSolution
		SolutionGuid = {9AAE7B32-BF19-4CAB-85A3-579DAF495276}
	EndGlobalSection
EndGlobal
